
Microsoft Visual Studio Solution File, Format Version 12.00
# Visual Studio Version 16
VisualStudioVersion = 16.0.33328.57
MinimumVisualStudioVersion = 10.0.40219.1
Project("{FAE04EC0-301F-11D3-BF4B-00C04F79EFBC}") = "17DeMarzoEjercicios", "17DeMarzoEjercicios\17DeMarzoEjercicios.csproj", "{AE2C5466-4F95-477E-9C75-ECBABA410B19}"
EndProject
Global
	GlobalSection(SolutionConfigurationPlatforms) = preSolution
		Debug|Any CPU = Debug|Any CPU
		Release|Any CPU = Release|Any CPU
	EndGlobalSection
	GlobalSection(ProjectConfigurationPlatforms) = postSolution
		{AE2C5466-4F95-477E-9C75-ECBABA410B19}.Debug|Any CPU.ActiveCfg = Debug|Any CPU
		{AE2C5466-4F95-477E-9C75-ECBABA410B19}.Debug|Any CPU.Build.0 = Debug|Any CPU
		{AE2C5466-4F95-477E-9C75-ECBABA410B19}.Release|Any CPU.ActiveCfg = Release|Any CPU
		{AE2C5466-4F95-477E-9C75-ECBABA410B19}.Release|Any CPU.Build.0 = Release|Any CPU
	EndGlobalSection
	GlobalSection(SolutionProperties) = preSolution
		HideSolutionNode = FALSE
	EndGlobalSection
	GlobalSection(ExtensibilityGlobals) = postSolution
		SolutionGuid = {0D6ED8B2-ED3E-44FB-AE68-CC9037494647}
	EndGlobalSection
EndGlobal
